{
  "name": "html",
  "lockfileVersion": 2,
  "requires": true,
  "packages": {
    "": {
      "dependencies": {
        "alloytouch": "^0.3.0",
        "swiper": "^5.4.5",
        "vivus": "^0.4.6",
        "vue-awesome-swiper": "^4.1.1"
      }
    },
    "node_modules/@babel/parser": {
      "version": "7.19.0",
      "resolved": "https://registry.npmmirror.com/@babel/parser/-/parser-7.19.0.tgz",
      "integrity": "sha512-74bEXKX2h+8rrfQUfsBfuZZHzsEs6Eql4pqy/T4Nn6Y9wNPggQOqD6z6pn5Bl8ZfysKouFZT/UXEH94ummEeQw==",
      "peer": true,
      "bin": {
        "parser": "bin/babel-parser.js"
      },
      "engines": {
        "node": ">=6.0.0"
      }
    },
    "node_modules/@vue/compiler-sfc": {
      "version": "2.7.10",
      "resolved": "https://registry.npmmirror.com/@vue/compiler-sfc/-/compiler-sfc-2.7.10.tgz",
      "integrity": "sha512-55Shns6WPxlYsz4WX7q9ZJBL77sKE1ZAYNYStLs6GbhIOMrNtjMvzcob6gu3cGlfpCR4bT7NXgyJ3tly2+Hx8Q==",
      "peer": true,
      "dependencies": {
        "@babel/parser": "^7.18.4",
        "postcss": "^8.4.14",
        "source-map": "^0.6.1"
      }
    },
    "node_modules/alloytouch": {
      "version": "0.3.0",
      "resolved": "https://registry.npmjs.org/alloytouch/-/alloytouch-0.3.0.tgz",
      "integrity": "sha512-HtuQYVtiXeuxrrJRkATYUGzeY4bDSnVrV6jhHjaSdfZneqxjKkoapGGsHRdwxvPSQBST2NnV1B5h68kbMoMm7A=="
    },
    "node_modules/csstype": {
      "version": "3.1.1",
      "resolved": "https://registry.npmmirror.com/csstype/-/csstype-3.1.1.tgz",
      "integrity": "sha512-DJR/VvkAvSZW9bTouZue2sSxDwdTN92uHjqeKVm+0dAqdfNykRzQ95tay8aXMBAAPpUiq4Qcug2L7neoRh2Egw==",
      "peer": true
    },
    "node_modules/dom7": {
      "version": "2.1.5",
      "resolved": "https://registry.npmmirror.com/dom7/-/dom7-2.1.5.tgz",
      "integrity": "sha512-xnhwVgyOh3eD++/XGtH+5qBwYTgCm0aW91GFgPJ3XG+jlsRLyJivnbP0QmUBFhI+Oaz9FV0s7cxgXHezwOEBYA==",
      "dependencies": {
        "ssr-window": "^2.0.0"
      }
    },
    "node_modules/nanoid": {
      "version": "3.3.4",
      "resolved": "https://registry.npmmirror.com/nanoid/-/nanoid-3.3.4.tgz",
      "integrity": "sha512-MqBkQh/OHTS2egovRtLk45wEyNXwF+cokD+1YPf9u5VfJiRdAiRwB2froX5Co9Rh20xs4siNPm8naNotSD6RBw==",
      "peer": true,
      "bin": {
        "nanoid": "bin/nanoid.cjs"
      },
      "engines": {
        "node": "^10 || ^12 || ^13.7 || ^14 || >=15.0.1"
      }
    },
    "node_modules/picocolors": {
      "version": "1.0.0",
      "resolved": "https://registry.npmmirror.com/picocolors/-/picocolors-1.0.0.tgz",
      "integrity": "sha512-1fygroTLlHu66zi26VoTDv8yRgm0Fccecssto+MhsZ0D/DGW2sm8E8AjW7NU5VVTRt5GxbeZ5qBuJr+HyLYkjQ==",
      "peer": true
    },
    "node_modules/postcss": {
      "version": "8.4.16",
      "resolved": "https://registry.npmmirror.com/postcss/-/postcss-8.4.16.tgz",
      "integrity": "sha512-ipHE1XBvKzm5xI7hiHCZJCSugxvsdq2mPnsq5+UF+VHCjiBvtDrlxJfMBToWaP9D5XlgNmcFGqoHmUn0EYEaRQ==",
      "peer": true,
      "dependencies": {
        "nanoid": "^3.3.4",
        "picocolors": "^1.0.0",
        "source-map-js": "^1.0.2"
      },
      "engines": {
        "node": "^10 || ^12 || >=14"
      }
    },
    "node_modules/source-map": {
      "version": "0.6.1",
      "resolved": "https://registry.npmmirror.com/source-map/-/source-map-0.6.1.tgz",
      "integrity": "sha512-UjgapumWlbMhkBgzT7Ykc5YXUT46F0iKu8SGXq0bcwP5dz/h0Plj6enJqjz1Zbq2l5WaqYnrVbwWOWMyF3F47g==",
      "peer": true,
      "engines": {
        "node": ">=0.10.0"
      }
    },
    "node_modules/source-map-js": {
      "version": "1.0.2",
      "resolved": "https://registry.npmmirror.com/source-map-js/-/source-map-js-1.0.2.tgz",
      "integrity": "sha512-R0XvVJ9WusLiqTCEiGCmICCMplcCkIwwR11mOSD9CR5u+IXYdiseeEuXCVAjS54zqwkLcPNnmU4OeJ6tUrWhDw==",
      "peer": true,
      "engines": {
        "node": ">=0.10.0"
      }
    },
    "node_modules/ssr-window": {
      "version": "2.0.0",
      "resolved": "https://registry.npmmirror.com/ssr-window/-/ssr-window-2.0.0.tgz",
      "integrity": "sha512-NXzN+/HPObKAx191H3zKlYomE5WrVIkoCB5IaSdvKokxTpjBdWfr0RaP+1Z5KOfDT0ZVz+2tdtiBkhsEQ9p+0A=="
    },
    "node_modules/swiper": {
      "version": "5.4.5",
      "resolved": "https://registry.npmmirror.com/swiper/-/swiper-5.4.5.tgz",
      "integrity": "sha512-7QjA0XpdOmiMoClfaZ2lYN6ICHcMm72LXiY+NF4fQLFidigameaofvpjEEiTQuw3xm5eksG5hzkaRsjQX57vtA==",
      "hasInstallScript": true,
      "dependencies": {
        "dom7": "^2.1.5",
        "ssr-window": "^2.0.0"
      },
      "engines": {
        "node": ">= 4.7.0"
      }
    },
    "node_modules/vivus": {
      "version": "0.4.6",
      "resolved": "https://registry.npmmirror.com/vivus/-/vivus-0.4.6.tgz",
      "integrity": "sha512-q6cDPTGqw/bq9sKF2h2T6GJ9PlwAFncHq7MdaK95WTSyd/7gz//UHTZbJ3B+r8f7AhcISPTC3sv9+u65BmmFbw=="
    },
    "node_modules/vue": {
      "version": "2.7.10",
      "resolved": "https://registry.npmmirror.com/vue/-/vue-2.7.10.tgz",
      "integrity": "sha512-HmFC70qarSHPXcKtW8U8fgIkF6JGvjEmDiVInTkKZP0gIlEPhlVlcJJLkdGIDiNkIeA2zJPQTWJUI4iWe+AVfg==",
      "peer": true,
      "dependencies": {
        "@vue/compiler-sfc": "2.7.10",
        "csstype": "^3.1.0"
      }
    },
    "node_modules/vue-awesome-swiper": {
      "version": "4.1.1",
      "resolved": "https://registry.npmmirror.com/vue-awesome-swiper/-/vue-awesome-swiper-4.1.1.tgz",
      "integrity": "sha512-50um10t6N+lJaORkpwSi1wWuMmBI1sgFc9Znsi5oUykw2cO5DzLaBHcO2JNX21R+Ue4TGoIJDhhxjBHtkFrTEQ==",
      "engines": {
        "node": ">=8"
      },
      "peerDependencies": {
        "swiper": "^5.2.0",
        "vue": "2.x"
      }
    }
  },
  "dependencies": {
    "@babel/parser": {
      "version": "7.19.0",
      "resolved": "https://registry.npmmirror.com/@babel/parser/-/parser-7.19.0.tgz",
      "integrity": "sha512-74bEXKX2h+8rrfQUfsBfuZZHzsEs6Eql4pqy/T4Nn6Y9wNPggQOqD6z6pn5Bl8ZfysKouFZT/UXEH94ummEeQw==",
      "peer": true
    },
    "@vue/compiler-sfc": {
      "version": "2.7.10",
      "resolved": "https://registry.npmmirror.com/@vue/compiler-sfc/-/compiler-sfc-2.7.10.tgz",
      "integrity": "sha512-55Shns6WPxlYsz4WX7q9ZJBL77sKE1ZAYNYStLs6GbhIOMrNtjMvzcob6gu3cGlfpCR4bT7NXgyJ3tly2+Hx8Q==",
      "peer": true,
      "requires": {
        "@babel/parser": "^7.18.4",
        "postcss": "^8.4.14",
        "source-map": "^0.6.1"
      }
    },
    "alloytouch": {
      "version": "0.3.0",
      "resolved": "https://registry.npmjs.org/alloytouch/-/alloytouch-0.3.0.tgz",
      "integrity": "sha512-HtuQYVtiXeuxrrJRkATYUGzeY4bDSnVrV6jhHjaSdfZneqxjKkoapGGsHRdwxvPSQBST2NnV1B5h68kbMoMm7A=="
    },
    "csstype": {
      "version": "3.1.1",
      "resolved": "https://registry.npmmirror.com/csstype/-/csstype-3.1.1.tgz",
      "integrity": "sha512-DJR/VvkAvSZW9bTouZue2sSxDwdTN92uHjqeKVm+0dAqdfNykRzQ95tay8aXMBAAPpUiq4Qcug2L7neoRh2Egw==",
      "peer": true
    },
    "dom7": {
      "version": "2.1.5",
      "resolved": "https://registry.npmmirror.com/dom7/-/dom7-2.1.5.tgz",
      "integrity": "sha512-xnhwVgyOh3eD++/XGtH+5qBwYTgCm0aW91GFgPJ3XG+jlsRLyJivnbP0QmUBFhI+Oaz9FV0s7cxgXHezwOEBYA==",
      "requires": {
        "ssr-window": "^2.0.0"
      }
    },
    "nanoid": {
      "version": "3.3.4",
      "resolved": "https://registry.npmmirror.com/nanoid/-/nanoid-3.3.4.tgz",
      "integrity": "sha512-MqBkQh/OHTS2egovRtLk45wEyNXwF+cokD+1YPf9u5VfJiRdAiRwB2froX5Co9Rh20xs4siNPm8naNotSD6RBw==",
      "peer": true
    },
    "picocolors": {
      "version": "1.0.0",
      "resolved": "https://registry.npmmirror.com/picocolors/-/picocolors-1.0.0.tgz",
      "integrity": "sha512-1fygroTLlHu66zi26VoTDv8yRgm0Fccecssto+MhsZ0D/DGW2sm8E8AjW7NU5VVTRt5GxbeZ5qBuJr+HyLYkjQ==",
      "peer": true
    },
    "postcss": {
      "version": "8.4.16",
      "resolved": "https://registry.npmmirror.com/postcss/-/postcss-8.4.16.tgz",
      "integrity": "sha512-ipHE1XBvKzm5xI7hiHCZJCSugxvsdq2mPnsq5+UF+VHCjiBvtDrlxJfMBToWaP9D5XlgNmcFGqoHmUn0EYEaRQ==",
      "peer": true,
      "requires": {
        "nanoid": "^3.3.4",
        "picocolors": "^1.0.0",
        "source-map-js": "^1.0.2"
      }
    },
    "source-map": {
      "version": "0.6.1",
      "resolved": "https://registry.npmmirror.com/source-map/-/source-map-0.6.1.tgz",
      "integrity": "sha512-UjgapumWlbMhkBgzT7Ykc5YXUT46F0iKu8SGXq0bcwP5dz/h0Plj6enJqjz1Zbq2l5WaqYnrVbwWOWMyF3F47g==",
      "peer": true
    },
    "source-map-js": {
      "version": "1.0.2",
      "resolved": "https://registry.npmmirror.com/source-map-js/-/source-map-js-1.0.2.tgz",
      "integrity": "sha512-R0XvVJ9WusLiqTCEiGCmICCMplcCkIwwR11mOSD9CR5u+IXYdiseeEuXCVAjS54zqwkLcPNnmU4OeJ6tUrWhDw==",
      "peer": true
    },
    "ssr-window": {
      "version": "2.0.0",
      "resolved": "https://registry.npmmirror.com/ssr-window/-/ssr-window-2.0.0.tgz",
      "integrity": "sha512-NXzN+/HPObKAx191H3zKlYomE5WrVIkoCB5IaSdvKokxTpjBdWfr0RaP+1Z5KOfDT0ZVz+2tdtiBkhsEQ9p+0A=="
    },
    "swiper": {
      "version": "5.4.5",
      "resolved": "https://registry.npmmirror.com/swiper/-/swiper-5.4.5.tgz",
      "integrity": "sha512-7QjA0XpdOmiMoClfaZ2lYN6ICHcMm72LXiY+NF4fQLFidigameaofvpjEEiTQuw3xm5eksG5hzkaRsjQX57vtA==",
      "requires": {
        "dom7": "^2.1.5",
        "ssr-window": "^2.0.0"
      }
    },
    "vivus": {
      "version": "0.4.6",
      "resolved": "https://registry.npmmirror.com/vivus/-/vivus-0.4.6.tgz",
      "integrity": "sha512-q6cDPTGqw/bq9sKF2h2T6GJ9PlwAFncHq7MdaK95WTSyd/7gz//UHTZbJ3B+r8f7AhcISPTC3sv9+u65BmmFbw=="
    },
    "vue": {
      "version": "2.7.10",
      "resolved": "https://registry.npmmirror.com/vue/-/vue-2.7.10.tgz",
      "integrity": "sha512-HmFC70qarSHPXcKtW8U8fgIkF6JGvjEmDiVInTkKZP0gIlEPhlVlcJJLkdGIDiNkIeA2zJPQTWJUI4iWe+AVfg==",
      "peer": true,
      "requires": {
        "@vue/compiler-sfc": "2.7.10",
        "csstype": "^3.1.0"
      }
    },
    "vue-awesome-swiper": {
      "version": "4.1.1",
      "resolved": "https://registry.npmmirror.com/vue-awesome-swiper/-/vue-awesome-swiper-4.1.1.tgz",
      "integrity": "sha512-50um10t6N+lJaORkpwSi1wWuMmBI1sgFc9Znsi5oUykw2cO5DzLaBHcO2JNX21R+Ue4TGoIJDhhxjBHtkFrTEQ==",
      "requires": {}
    }
  }
}
